
Microsoft Visual Studio Solution File, Format Version 12.00
# Visual Studio Version 17
VisualStudioVersion = 17.11.35303.130
MinimumVisualStudioVersion = 10.0.40219.1
Project("{9A19103F-16F7-4668-BE54-9A1E7A4F7556}") = "TodoListBlazorWasm", "TodoListBlazorWasm\TodoListBlazorWasm.csproj", "{48A33F02-1756-4D17-B677-B9CB1D05A994}"
EndProject
Project("{9A19103F-16F7-4668-BE54-9A1E7A4F7556}") = "TodoList.API", "TodoList.API\TodoList.API.csproj", "{EBCC47A3-8C3E-4CEC-8678-7BC42F123D56}"
EndProject
Project("{9A19103F-16F7-4668-BE54-9A1E7A4F7556}") = "TodoList.Model", "TodoList.Model\TodoList.Model.csproj", "{13AD39C8-CFDA-43D8-B019-BBD1BCF0F892}"
EndProject
Global
	GlobalSection(SolutionConfigurationPlatforms) = preSolution
		Debug|Any CPU = Debug|Any CPU
		Release|Any CPU = Release|Any CPU
	EndGlobalSection
	GlobalSection(ProjectConfigurationPlatforms) = postSolution
		{48A33F02-1756-4D17-B677-B9CB1D05A994}.Debug|Any CPU.ActiveCfg = Debug|Any CPU
		{48A33F02-1756-4D17-B677-B9CB1D05A994}.Debug|Any CPU.Build.0 = Debug|Any CPU
		{48A33F02-1756-4D17-B677-B9CB1D05A994}.Release|Any CPU.ActiveCfg = Release|Any CPU
		{48A33F02-1756-4D17-B677-B9CB1D05A994}.Release|Any CPU.Build.0 = Release|Any CPU
		{EBCC47A3-8C3E-4CEC-8678-7BC42F123D56}.Debug|Any CPU.ActiveCfg = Debug|Any CPU
		{EBCC47A3-8C3E-4CEC-8678-7BC42F123D56}.Debug|Any CPU.Build.0 = Debug|Any CPU
		{EBCC47A3-8C3E-4CEC-8678-7BC42F123D56}.Release|Any CPU.ActiveCfg = Release|Any CPU
		{EBCC47A3-8C3E-4CEC-8678-7BC42F123D56}.Release|Any CPU.Build.0 = Release|Any CPU
		{13AD39C8-CFDA-43D8-B019-BBD1BCF0F892}.Debug|Any CPU.ActiveCfg = Debug|Any CPU
		{13AD39C8-CFDA-43D8-B019-BBD1BCF0F892}.Debug|Any CPU.Build.0 = Debug|Any CPU
		{13AD39C8-CFDA-43D8-B019-BBD1BCF0F892}.Release|Any CPU.ActiveCfg = Release|Any CPU
		{13AD39C8-CFDA-43D8-B019-BBD1BCF0F892}.Release|Any CPU.Build.0 = Release|Any CPU
	EndGlobalSection
	GlobalSection(SolutionProperties) = preSolution
		HideSolutionNode = FALSE
	EndGlobalSection
	GlobalSection(ExtensibilityGlobals) = postSolution
		SolutionGuid = {78DE73FE-FEE3-4632-B530-A67E02DF58CC}
	EndGlobalSection
EndGlobal
